<?xml version="1.0" encoding="utf-8"?>
<Project ToolsVersion="4.0" xmlns="http://schemas.microsoft.com/developer/msbuild/2003">
  <ItemGroup>
    <Filter Include="Import">
      <UniqueIdentifier>{36edfa8d-4266-41fc-83a7-6121ecfffe0b}</UniqueIdentifier>
    </Filter>
    <Filter Include="Import\fbx">
      <UniqueIdentifier>{4785732c-1961-4e8c-b8f6-6d7781e359ae}</UniqueIdentifier>
    </Filter>
    <Filter Include="Container">
      <UniqueIdentifier>{eddf49d8-93bd-46d8-a068-2ad1e90e5ac0}</UniqueIdentifier>
    </Filter>
    <Filter Include="Time">
      <UniqueIdentifier>{269b0e68-cd62-4c53-bc34-140f70d3df36}</UniqueIdentifier>
    </Filter>
    <Filter Include="Time\Win">
      <UniqueIdentifier>{4144407e-25a9-4303-906b-2e3382f5eaf6}</UniqueIdentifier>
    </Filter>
    <Filter Include="Parallel">
      <UniqueIdentifier>{40b370c3-57b8-4622-8729-5257d8b819b5}</UniqueIdentifier>
    </Filter>
    <Filter Include="Macros">
      <UniqueIdentifier>{f26fcfd9-1c08-4799-96db-e4d308812978}</UniqueIdentifier>
    </Filter>
    <Filter Include="Import\tga">
      <UniqueIdentifier>{7fe8a1a1-bf59-4001-8676-3f25701097fe}</UniqueIdentifier>
    </Filter>
    <Filter Include="Resources">
      <UniqueIdentifier>{53121b16-73cb-4606-af6e-860d24902857}</UniqueIdentifier>
    </Filter>
    <Filter Include="File">
      <UniqueIdentifier>{db67e1a5-1a4d-4666-8fe2-e3cee9eba0f0}</UniqueIdentifier>
    </Filter>
    <Filter Include="Utils">
      <UniqueIdentifier>{adf05ec9-c916-43e5-a5b7-20103fc91be4}</UniqueIdentifier>
    </Filter>
    <Filter Include="Log">
      <UniqueIdentifier>{e45ce5ca-6a33-445c-9c61-cc10595affb8}</UniqueIdentifier>
    </Filter>
    <Filter Include="Log\FileLog">
      <UniqueIdentifier>{b4ba7d59-4f06-45d3-93ee-6fdae7d40f2f}</UniqueIdentifier>
    </Filter>
    <Filter Include="Log\ConsoleLog">
      <UniqueIdentifier>{68bec873-2f3e-4a39-a90d-58b6c0ab20a3}</UniqueIdentifier>
    </Filter>
    <Filter Include="Log\MultiChannelLog">
      <UniqueIdentifier>{c5497792-dea3-4bca-9b61-a4e406adade4}</UniqueIdentifier>
    </Filter>
    <Filter Include="SaveSystem">
      <UniqueIdentifier>{5af31353-8225-4d10-9fb5-9416dd7f100f}</UniqueIdentifier>
    </Filter>
  </ItemGroup>
  <ItemGroup>
    <ClInclude Include="include\UtilsSettings.hpp" />
    <ClInclude Include="include\Container\Stack.hpp">
      <Filter>Container</Filter>
    </ClInclude>
    <ClInclude Include="include\Time\Time.hpp">
      <Filter>Time</Filter>
    </ClInclude>
    <ClInclude Include="include\Time\Win\WinTime.hpp">
      <Filter>Time\Win</Filter>
    </ClInclude>
    <ClInclude Include="include\Parallel\Thread.hpp">
      <Filter>Parallel</Filter>
    </ClInclude>
    <ClInclude Include="include\Parallel\StdThread.hpp">
      <Filter>Parallel</Filter>
    </ClInclude>
    <ClInclude Include="include\Parallel\Task.hpp">
      <Filter>Parallel</Filter>
    </ClInclude>
    <ClInclude Include="include\Parallel\TaskManager.hpp">
      <Filter>Parallel</Filter>
    </ClInclude>
    <ClInclude Include="include\Parallel\Mutex.hpp">
      <Filter>Parallel</Filter>
    </ClInclude>
    <ClInclude Include="include\Parallel\StdMutex.hpp">
      <Filter>Parallel</Filter>
    </ClInclude>
    <ClInclude Include="include\Parallel\ConditionVariable.hpp">
      <Filter>Parallel</Filter>
    </ClInclude>
    <ClInclude Include="include\Parallel\Worker.hpp">
      <Filter>Parallel</Filter>
    </ClInclude>
    <ClInclude Include="include\Parallel\StdConditionVariable.hpp">
      <Filter>Parallel</Filter>
    </ClInclude>
    <ClInclude Include="include\Macros\Macros.hpp">
      <Filter>Macros</Filter>
    </ClInclude>
    <ClInclude Include="include\Parallel\MutexAutoLock.hpp">
      <Filter>Parallel</Filter>
    </ClInclude>
    <ClInclude Include="include\Parallel\Sleep.hpp">
      <Filter>Parallel</Filter>
    </ClInclude>
    <ClInclude Include="include\Import\fbx\ImportFbx.hpp">
      <Filter>Import\fbx</Filter>
    </ClInclude>
    <ClInclude Include="include\Import\tga\ImportTga.hpp">
      <Filter>Import\tga</Filter>
    </ClInclude>
    <ClInclude Include="include\Resources\TextureFactory.hpp">
      <Filter>Resources</Filter>
    </ClInclude>
    <ClInclude Include="include\File\File.hpp">
      <Filter>File</Filter>
    </ClInclude>
    <ClInclude Include="include\File\CFile.hpp">
      <Filter>File</Filter>
    </ClInclude>
    <ClInclude Include="include\File\FileFactory.hpp">
      <Filter>File</Filter>
    </ClInclude>
    <ClInclude Include="include\Parallel\TaskScheduler.hpp">
      <Filter>Parallel</Filter>
    </ClInclude>
    <ClInclude Include="include\Parallel\CpuCoreCount.hpp">
      <Filter>Parallel</Filter>
    </ClInclude>
    <ClInclude Include="include\Resources\Pool.hpp">
      <Filter>Resources</Filter>
    </ClInclude>
    <ClInclude Include="include\Bit\Bit.hpp">
      <Filter>Utils</Filter>
    </ClInclude>
    <ClInclude Include="include\Parallel\AtomicU64.hpp">
      <Filter>Parallel</Filter>
    </ClInclude>
    <ClInclude Include="include\Parallel\AtomicS32.hpp">
      <Filter>Parallel</Filter>
    </ClInclude>
    <ClInclude Include="include\Parallel\StdAtomicS32.hpp">
      <Filter>Parallel</Filter>
    </ClInclude>
    <ClInclude Include="include\Parallel\StdAtomicU64.hpp">
      <Filter>Parallel</Filter>
    </ClInclude>
    <ClInclude Include="include\Time\TimeFactory.hpp">
      <Filter>Time</Filter>
    </ClInclude>
    <ClInclude Include="include\Log\Log.hpp">
      <Filter>Log</Filter>
    </ClInclude>
    <ClInclude Include="include\Log\FileLog\FileLog.hpp">
      <Filter>Log\FileLog</Filter>
    </ClInclude>
    <ClInclude Include="include\Log\LogFactory.hpp">
      <Filter>Log</Filter>
    </ClInclude>
    <ClInclude Include="include\Log\ConsoleLog\ConsoleLog.hpp">
      <Filter>Log\ConsoleLog</Filter>
    </ClInclude>
    <ClInclude Include="include\Log\MultiChannelLog\MultiChannelLog.hpp">
      <Filter>Log\MultiChannelLog</Filter>
    </ClInclude>
    <ClInclude Include="include\SaveSystem\GameData.hpp">
      <Filter>SaveSystem</Filter>
    </ClInclude>
    <ClInclude Include="include\SaveSystem\GameDataCollection.hpp">
      <Filter>SaveSystem</Filter>
    </ClInclude>
    <ClInclude Include="include\SaveSystem\GameDataSaveSystem.hpp">
      <Filter>SaveSystem</Filter>
    </ClInclude>
    <ClInclude Include="include\SaveSystem\SaveSystem.hpp">
      <Filter>SaveSystem</Filter>
    </ClInclude>
    <ClInclude Include="include\SaveSystem\GameDataLoader.hpp">
      <Filter>SaveSystem</Filter>
    </ClInclude>
    <ClInclude Include="include\Parallel\AtomicS32Factory.hpp">
      <Filter>Parallel</Filter>
    </ClInclude>
    <ClInclude Include="include\Container\QuadTree.hpp">
      <Filter>Container</Filter>
    </ClInclude>
    <ClInclude Include="include\Container\BreadthFirstQuadTree.hpp">
      <Filter>Container</Filter>
    </ClInclude>
    <ClInclude Include="include\File\FilePath.hpp">
      <Filter>File</Filter>
    </ClInclude>
    <ClInclude Include="include\Container\RingBuffer.hpp">
      <Filter>Container</Filter>
    </ClInclude>
    <ClInclude Include="include\Container\FreeList.hpp">
      <Filter>Container</Filter>
    </ClInclude>
    <ClInclude Include="include\Parallel\MutexFactory.hpp">
      <Filter>Parallel</Filter>
    </ClInclude>
    <ClInclude Include="include\Resources\ImmediateTextureFactory.hpp">
      <Filter>Resources</Filter>
    </ClInclude>
  </ItemGroup>
  <ItemGroup>
    <ClCompile Include="src\Time\Win\WinTime.cpp">
      <Filter>Time\Win</Filter>
    </ClCompile>
    <ClCompile Include="src\Parallel\StdThread.cpp">
      <Filter>Parallel</Filter>
    </ClCompile>
    <ClCompile Include="src\Parallel\TaskManager.cpp">
      <Filter>Parallel</Filter>
    </ClCompile>
    <ClCompile Include="src\Parallel\StdMutex.cpp">
      <Filter>Parallel</Filter>
    </ClCompile>
    <ClCompile Include="src\Parallel\Task.cpp">
      <Filter>Parallel</Filter>
    </ClCompile>
    <ClCompile Include="src\Parallel\Worker.cpp">
      <Filter>Parallel</Filter>
    </ClCompile>
    <ClCompile Include="src\Parallel\StdConditionVariable.cpp">
      <Filter>Parallel</Filter>
    </ClCompile>
    <ClCompile Include="src\Import\fbx\ImportFbx.cpp">
      <Filter>Import\fbx</Filter>
    </ClCompile>
    <ClCompile Include="src\Import\tga\ImportTga.cpp">
      <Filter>Import\tga</Filter>
    </ClCompile>
    <ClCompile Include="src\Resources\TextureFactory.cpp">
      <Filter>Resources</Filter>
    </ClCompile>
    <ClCompile Include="src\File\CFile.cpp">
      <Filter>File</Filter>
    </ClCompile>
    <ClCompile Include="src\File\FileFactory.cpp">
      <Filter>File</Filter>
    </ClCompile>
    <ClCompile Include="src\Parallel\TaskScheduler.cpp">
      <Filter>Parallel</Filter>
    </ClCompile>
    <ClCompile Include="src\Parallel\StdSleep.cpp">
      <Filter>Parallel</Filter>
    </ClCompile>
    <ClCompile Include="src\Parallel\StdCpuCoreCount.cpp">
      <Filter>Parallel</Filter>
    </ClCompile>
    <ClCompile Include="src\Bit\Bit.cpp">
      <Filter>Utils</Filter>
    </ClCompile>
    <ClCompile Include="src\Time\TimeFactory.cpp">
      <Filter>Time</Filter>
    </ClCompile>
    <ClCompile Include="src\Time\Time.cpp">
      <Filter>Time</Filter>
    </ClCompile>
    <ClCompile Include="src\Log\FileLog\FileLog.cpp">
      <Filter>Log\FileLog</Filter>
    </ClCompile>
    <ClCompile Include="src\Log\Log.cpp">
      <Filter>Log</Filter>
    </ClCompile>
    <ClCompile Include="src\Log\LogFactory.cpp">
      <Filter>Log</Filter>
    </ClCompile>
    <ClCompile Include="src\Log\ConsoleLog\ConsoleLog.cpp">
      <Filter>Log\ConsoleLog</Filter>
    </ClCompile>
    <ClCompile Include="src\Log\MultiChannelLog\MultiChannelLog.cpp">
      <Filter>Log\MultiChannelLog</Filter>
    </ClCompile>
    <ClCompile Include="src\SaveSystem\GameDataCollection.cpp">
      <Filter>SaveSystem</Filter>
    </ClCompile>
    <ClCompile Include="src\SaveSystem\GameDataSaveSystem.cpp">
      <Filter>SaveSystem</Filter>
    </ClCompile>
    <ClCompile Include="src\SaveSystem\SaveSystem.cpp">
      <Filter>SaveSystem</Filter>
    </ClCompile>
    <ClCompile Include="src\Parallel\AtomicS32Factory.cpp">
      <Filter>Parallel</Filter>
    </ClCompile>
    <ClCompile Include="src\File\FilePath.cpp">
      <Filter>File</Filter>
    </ClCompile>
    <ClCompile Include="src\Parallel\MutexFactory.cpp">
      <Filter>Parallel</Filter>
    </ClCompile>
    <ClCompile Include="src\Resources\ImmediateTextureFactory.cpp">
      <Filter>Resources</Filter>
    </ClCompile>
  </ItemGroup>
</Project>