<?xml version="1.0" encoding="utf-8"?>
<Project ToolsVersion="4.0" xmlns="http://schemas.microsoft.com/developer/msbuild/2003">
  <ItemGroup>
    <Filter Include="Import">
      <UniqueIdentifier>{36edfa8d-4266-41fc-83a7-6121ecfffe0b}</UniqueIdentifier>
    </Filter>
    <Filter Include="Import\fbx">
      <UniqueIdentifier>{4785732c-1961-4e8c-b8f6-6d7781e359ae}</UniqueIdentifier>
    </Filter>
    <Filter Include="Container">
      <UniqueIdentifier>{eddf49d8-93bd-46d8-a068-2ad1e90e5ac0}</UniqueIdentifier>
    </Filter>
    <Filter Include="Time">
      <UniqueIdentifier>{269b0e68-cd62-4c53-bc34-140f70d3df36}</UniqueIdentifier>
    </Filter>
    <Filter Include="Time\Win">
      <UniqueIdentifier>{4144407e-25a9-4303-906b-2e3382f5eaf6}</UniqueIdentifier>
    </Filter>
    <Filter Include="Parallel">
      <UniqueIdentifier>{40b370c3-57b8-4622-8729-5257d8b819b5}</UniqueIdentifier>
    </Filter>
    <Filter Include="Macros">
      <UniqueIdentifier>{f26fcfd9-1c08-4799-96db-e4d308812978}</UniqueIdentifier>
    </Filter>
    <Filter Include="Import\tga">
      <UniqueIdentifier>{7fe8a1a1-bf59-4001-8676-3f25701097fe}</UniqueIdentifier>
    </Filter>
    <Filter Include="Resources">
      <UniqueIdentifier>{53121b16-73cb-4606-af6e-860d24902857}</UniqueIdentifier>
    </Filter>
    <Filter Include="File">
      <UniqueIdentifier>{db67e1a5-1a4d-4666-8fe2-e3cee9eba0f0}</UniqueIdentifier>
    </Filter>
    <Filter Include="Utils">
      <UniqueIdentifier>{adf05ec9-c916-43e5-a5b7-20103fc91be4}</UniqueIdentifier>
    </Filter>
    <Filter Include="Log">
      <UniqueIdentifier>{e45ce5ca-6a33-445c-9c61-cc10595affb8}</UniqueIdentifier>
    </Filter>
    <Filter Include="Log\FileLog">
      <UniqueIdentifier>{b4ba7d59-4f06-45d3-93ee-6fdae7d40f2f}</UniqueIdentifier>
    </Filter>
    <Filter Include="Log\ConsoleLog">
      <UniqueIdentifier>{68bec873-2f3e-4a39-a90d-58b6c0ab20a3}</UniqueIdentifier>
    </Filter>
    <Filter Include="Log\MultiChannelLog">
      <UniqueIdentifier>{c5497792-dea3-4bca-9b61-a4e406adade4}</UniqueIdentifier>
    </Filter>
    <Filter Include="Math">
      <UniqueIdentifier>{79e54434-d41a-4972-90f2-aa0712a54628}</UniqueIdentifier>
    </Filter>
    <Filter Include="Input">
      <UniqueIdentifier>{72945afa-f598-4c21-b421-ec452c43ed52}</UniqueIdentifier>
    </Filter>
    <Filter Include="Input\MultiInput">
      <UniqueIdentifier>{4392d313-e7b1-432a-b271-5988ac95a9b4}</UniqueIdentifier>
    </Filter>
    <Filter Include="Input\XInput">
      <UniqueIdentifier>{0b0cf2a8-d31a-45e4-96f9-487baa857721}</UniqueIdentifier>
    </Filter>
    <Filter Include="Input\WinInput">
      <UniqueIdentifier>{a38e7769-aa12-43b0-a937-6142eb017f92}</UniqueIdentifier>
    </Filter>
    <Filter Include="Import\dds">
      <UniqueIdentifier>{7e7d057c-ab7d-426f-ada9-5fe14a313c25}</UniqueIdentifier>
    </Filter>
  </ItemGroup>
  <ItemGroup>
    <ClInclude Include="include\UtilsSettings.hpp" />
    <ClInclude Include="include\Container\Stack.hpp">
      <Filter>Container</Filter>
    </ClInclude>
    <ClInclude Include="include\Time\Timer.hpp">
      <Filter>Time</Filter>
    </ClInclude>
    <ClInclude Include="include\Time\Win\WinTimer.hpp">
      <Filter>Time\Win</Filter>
    </ClInclude>
    <ClInclude Include="include\Parallel\Thread.hpp">
      <Filter>Parallel</Filter>
    </ClInclude>
    <ClInclude Include="include\Parallel\StdThread.hpp">
      <Filter>Parallel</Filter>
    </ClInclude>
    <ClInclude Include="include\Parallel\Task.hpp">
      <Filter>Parallel</Filter>
    </ClInclude>
    <ClInclude Include="include\Parallel\Mutex.hpp">
      <Filter>Parallel</Filter>
    </ClInclude>
    <ClInclude Include="include\Parallel\StdMutex.hpp">
      <Filter>Parallel</Filter>
    </ClInclude>
    <ClInclude Include="include\Parallel\ConditionVariable.hpp">
      <Filter>Parallel</Filter>
    </ClInclude>
    <ClInclude Include="include\Parallel\Worker.hpp">
      <Filter>Parallel</Filter>
    </ClInclude>
    <ClInclude Include="include\Parallel\StdConditionVariable.hpp">
      <Filter>Parallel</Filter>
    </ClInclude>
    <ClInclude Include="include\Macros\Macros.hpp">
      <Filter>Macros</Filter>
    </ClInclude>
    <ClInclude Include="include\Parallel\MutexAutoLock.hpp">
      <Filter>Parallel</Filter>
    </ClInclude>
    <ClInclude Include="include\Parallel\Sleep.hpp">
      <Filter>Parallel</Filter>
    </ClInclude>
    <ClInclude Include="include\Import\fbx\ImportFbx.hpp">
      <Filter>Import\fbx</Filter>
    </ClInclude>
    <ClInclude Include="include\Import\tga\ImportTga.hpp">
      <Filter>Import\tga</Filter>
    </ClInclude>
    <ClInclude Include="include\Resources\TextureFactory.hpp">
      <Filter>Resources</Filter>
    </ClInclude>
    <ClInclude Include="include\File\File.hpp">
      <Filter>File</Filter>
    </ClInclude>
    <ClInclude Include="include\File\CFile.hpp">
      <Filter>File</Filter>
    </ClInclude>
    <ClInclude Include="include\File\FileFactory.hpp">
      <Filter>File</Filter>
    </ClInclude>
    <ClInclude Include="include\Parallel\CpuCoreCount.hpp">
      <Filter>Parallel</Filter>
    </ClInclude>
    <ClInclude Include="include\Resources\Pool.hpp">
      <Filter>Resources</Filter>
    </ClInclude>
    <ClInclude Include="include\Bit\Bit.hpp">
      <Filter>Utils</Filter>
    </ClInclude>
    <ClInclude Include="include\Parallel\AtomicU64.hpp">
      <Filter>Parallel</Filter>
    </ClInclude>
    <ClInclude Include="include\Parallel\AtomicS32.hpp">
      <Filter>Parallel</Filter>
    </ClInclude>
    <ClInclude Include="include\Parallel\StdAtomicS32.hpp">
      <Filter>Parallel</Filter>
    </ClInclude>
    <ClInclude Include="include\Parallel\StdAtomicU64.hpp">
      <Filter>Parallel</Filter>
    </ClInclude>
    <ClInclude Include="include\Time\TimeFactory.hpp">
      <Filter>Time</Filter>
    </ClInclude>
    <ClInclude Include="include\Log\Log.hpp">
      <Filter>Log</Filter>
    </ClInclude>
    <ClInclude Include="include\Log\FileLog\FileLog.hpp">
      <Filter>Log\FileLog</Filter>
    </ClInclude>
    <ClInclude Include="include\Log\LogFactory.hpp">
      <Filter>Log</Filter>
    </ClInclude>
    <ClInclude Include="include\Log\ConsoleLog\ConsoleLog.hpp">
      <Filter>Log\ConsoleLog</Filter>
    </ClInclude>
    <ClInclude Include="include\Log\MultiChannelLog\MultiChannelLog.hpp">
      <Filter>Log\MultiChannelLog</Filter>
    </ClInclude>
    <ClInclude Include="include\Parallel\AtomicS32Factory.hpp">
      <Filter>Parallel</Filter>
    </ClInclude>
    <ClInclude Include="include\Container\QuadTree.hpp">
      <Filter>Container</Filter>
    </ClInclude>
    <ClInclude Include="include\Container\BreadthFirstQuadTree.hpp">
      <Filter>Container</Filter>
    </ClInclude>
    <ClInclude Include="include\File\FilePath.hpp">
      <Filter>File</Filter>
    </ClInclude>
    <ClInclude Include="include\Container\RingBuffer.hpp">
      <Filter>Container</Filter>
    </ClInclude>
    <ClInclude Include="include\Container\FreeList.hpp">
      <Filter>Container</Filter>
    </ClInclude>
    <ClInclude Include="include\Parallel\MutexFactory.hpp">
      <Filter>Parallel</Filter>
    </ClInclude>
    <ClInclude Include="include\Resources\ImmediateTextureFactory.hpp">
      <Filter>Resources</Filter>
    </ClInclude>
    <ClInclude Include="include\Bit\BitField.hpp">
      <Filter>Container</Filter>
    </ClInclude>
    <ClInclude Include="include\Math\Math.hpp">
      <Filter>Math</Filter>
    </ClInclude>
    <ClInclude Include="include\Parallel\ParallelSystem.hpp">
      <Filter>Parallel</Filter>
    </ClInclude>
    <ClInclude Include="include\Parallel\ThreadFactory.hpp">
      <Filter>Parallel</Filter>
    </ClInclude>
    <ClInclude Include="include\Parallel\ConditionVariableFactory.hpp">
      <Filter>Parallel</Filter>
    </ClInclude>
    <ClInclude Include="include\Parallel\ThreadLocalStorage.hpp">
      <Filter>Parallel</Filter>
    </ClInclude>
    <ClInclude Include="include\Resources\Payload.hpp">
      <Filter>Resources</Filter>
    </ClInclude>
    <ClInclude Include="include\Parallel\StdThreadLocalStorage.hpp">
      <Filter>Parallel</Filter>
    </ClInclude>
    <ClInclude Include="include\Resources\Streaming.hpp">
      <Filter>Resources</Filter>
    </ClInclude>
    <ClInclude Include="include\Resources\TextureLoader.hpp">
      <Filter>Resources</Filter>
    </ClInclude>
    <ClInclude Include="include\Resources\MeshLoader.hpp">
      <Filter>Resources</Filter>
    </ClInclude>
    <ClInclude Include="include\Event\EventSender.h">
      <Filter>Utils</Filter>
    </ClInclude>
    <ClInclude Include="include\DebugTools\Debug.hpp">
      <Filter>Utils</Filter>
    </ClInclude>
    <ClInclude Include="include\Input\Input.hpp">
      <Filter>Input</Filter>
    </ClInclude>
    <ClInclude Include="include\Input\InputFactory.hpp">
      <Filter>Input</Filter>
    </ClInclude>
    <ClInclude Include="include\Input\MultiInput\MultiInput.hpp">
      <Filter>Input\MultiInput</Filter>
    </ClInclude>
    <ClInclude Include="include\Input\XInput\XInput.hpp">
      <Filter>Input\XInput</Filter>
    </ClInclude>
    <ClInclude Include="include\Input\WinInput\WinInput.hpp">
      <Filter>Input\WinInput</Filter>
    </ClInclude>
    <ClInclude Include="include\Import\dds\ImportDds.hpp">
      <Filter>Import\dds</Filter>
    </ClInclude>
  </ItemGroup>
  <ItemGroup>
    <ClCompile Include="src\Time\Win\WinTimer.cpp">
      <Filter>Time\Win</Filter>
    </ClCompile>
    <ClCompile Include="src\Parallel\StdThread.cpp">
      <Filter>Parallel</Filter>
    </ClCompile>
    <ClCompile Include="src\Parallel\StdMutex.cpp">
      <Filter>Parallel</Filter>
    </ClCompile>
    <ClCompile Include="src\Parallel\Task.cpp">
      <Filter>Parallel</Filter>
    </ClCompile>
    <ClCompile Include="src\Parallel\Worker.cpp">
      <Filter>Parallel</Filter>
    </ClCompile>
    <ClCompile Include="src\Parallel\StdConditionVariable.cpp">
      <Filter>Parallel</Filter>
    </ClCompile>
    <ClCompile Include="src\Import\fbx\ImportFbx.cpp">
      <Filter>Import\fbx</Filter>
    </ClCompile>
    <ClCompile Include="src\Import\tga\ImportTga.cpp">
      <Filter>Import\tga</Filter>
    </ClCompile>
    <ClCompile Include="src\Resources\TextureFactory.cpp">
      <Filter>Resources</Filter>
    </ClCompile>
    <ClCompile Include="src\File\CFile.cpp">
      <Filter>File</Filter>
    </ClCompile>
    <ClCompile Include="src\File\FileFactory.cpp">
      <Filter>File</Filter>
    </ClCompile>
    <ClCompile Include="src\Parallel\StdSleep.cpp">
      <Filter>Parallel</Filter>
    </ClCompile>
    <ClCompile Include="src\Parallel\StdCpuCoreCount.cpp">
      <Filter>Parallel</Filter>
    </ClCompile>
    <ClCompile Include="src\Bit\Bit.cpp">
      <Filter>Utils</Filter>
    </ClCompile>
    <ClCompile Include="src\Time\TimeFactory.cpp">
      <Filter>Time</Filter>
    </ClCompile>
    <ClCompile Include="src\Time\Timer.cpp">
      <Filter>Time</Filter>
    </ClCompile>
    <ClCompile Include="src\Log\FileLog\FileLog.cpp">
      <Filter>Log\FileLog</Filter>
    </ClCompile>
    <ClCompile Include="src\Log\Log.cpp">
      <Filter>Log</Filter>
    </ClCompile>
    <ClCompile Include="src\Log\LogFactory.cpp">
      <Filter>Log</Filter>
    </ClCompile>
    <ClCompile Include="src\Log\ConsoleLog\ConsoleLog.cpp">
      <Filter>Log\ConsoleLog</Filter>
    </ClCompile>
    <ClCompile Include="src\Log\MultiChannelLog\MultiChannelLog.cpp">
      <Filter>Log\MultiChannelLog</Filter>
    </ClCompile>
    <ClCompile Include="src\Parallel\AtomicS32Factory.cpp">
      <Filter>Parallel</Filter>
    </ClCompile>
    <ClCompile Include="src\File\FilePath.cpp">
      <Filter>File</Filter>
    </ClCompile>
    <ClCompile Include="src\Parallel\MutexFactory.cpp">
      <Filter>Parallel</Filter>
    </ClCompile>
    <ClCompile Include="src\Resources\ImmediateTextureFactory.cpp">
      <Filter>Resources</Filter>
    </ClCompile>
    <ClCompile Include="src\Bit\BitField.cpp">
      <Filter>Container</Filter>
    </ClCompile>
    <ClCompile Include="src\Parallel\ThreadFactory.cpp">
      <Filter>Parallel</Filter>
    </ClCompile>
    <ClCompile Include="src\Parallel\ConditionVariableFactory.cpp">
      <Filter>Parallel</Filter>
    </ClCompile>
    <ClCompile Include="src\Resources\Streaming.cpp">
      <Filter>Resources</Filter>
    </ClCompile>
    <ClCompile Include="src\Parallel\ParallelSystem.cpp">
      <Filter>Parallel</Filter>
    </ClCompile>
    <ClCompile Include="src\Resources\TextureLoader.cpp">
      <Filter>Resources</Filter>
    </ClCompile>
    <ClCompile Include="src\Resources\MeshLoader.cpp">
      <Filter>Resources</Filter>
    </ClCompile>
    <ClCompile Include="src\Resources\Payload.cpp">
      <Filter>Resources</Filter>
    </ClCompile>
    <ClCompile Include="src\DebugTools\Debug.cpp">
      <Filter>Utils</Filter>
    </ClCompile>
    <ClCompile Include="src\Input\Input.cpp">
      <Filter>Input</Filter>
    </ClCompile>
    <ClCompile Include="src\Input\InputFactory.cpp">
      <Filter>Input</Filter>
    </ClCompile>
    <ClCompile Include="src\Input\XInput\XInput.cpp">
      <Filter>Input\XInput</Filter>
    </ClCompile>
    <ClCompile Include="src\Input\WinInput\WinInput.cpp">
      <Filter>Input\WinInput</Filter>
    </ClCompile>
    <ClCompile Include="src\Input\MultiInput\MultiInput.cpp">
      <Filter>Input\MultiInput</Filter>
    </ClCompile>
    <ClCompile Include="src\Import\dds\ImportDds.cpp">
      <Filter>Import\dds</Filter>
    </ClCompile>
  </ItemGroup>
</Project>